// !$*UTF8*$!
{
	archiveVersion = 1;
	classes = {
	};
	objectVersion = 55;
	objects = {

/* Begin PBXBuildFile section */
		5754616F2A19E29200667BBD /* AppDelegate.swift in Sources */ = {isa = PBXBuildFile; fileRef = 5754616E2A19E29200667BBD /* AppDelegate.swift */; };
		575461712A19E29200667BBD /* SceneDelegate.swift in Sources */ = {isa = PBXBuildFile; fileRef = 575461702A19E29200667BBD /* SceneDelegate.swift */; };
		575461732A19E29200667BBD /* ViewController.swift in Sources */ = {isa = PBXBuildFile; fileRef = 575461722A19E29200667BBD /* ViewController.swift */; };
		575461782A19E29600667BBD /* Assets.xcassets in Resources */ = {isa = PBXBuildFile; fileRef = 575461772A19E29600667BBD /* Assets.xcassets */; };
		5754617B2A19E29600667BBD /* LaunchScreen.storyboard in Resources */ = {isa = PBXBuildFile; fileRef = 575461792A19E29600667BBD /* LaunchScreen.storyboard */; };
		575461862A19E29600667BBD /* newsAppTests.swift in Sources */ = {isa = PBXBuildFile; fileRef = 575461852A19E29600667BBD /* newsAppTests.swift */; };
		575461902A19E29600667BBD /* newsAppUITests.swift in Sources */ = {isa = PBXBuildFile; fileRef = 5754618F2A19E29600667BBD /* newsAppUITests.swift */; };
		575461922A19E29600667BBD /* newsAppUITestsLaunchTests.swift in Sources */ = {isa = PBXBuildFile; fileRef = 575461912A19E29600667BBD /* newsAppUITestsLaunchTests.swift */; };
		575461A02A19E36A00667BBD /* SnapKit in Frameworks */ = {isa = PBXBuildFile; productRef = 5754619F2A19E36A00667BBD /* SnapKit */; };
		575461A22A19E36A00667BBD /* SnapKit-Dynamic in Frameworks */ = {isa = PBXBuildFile; productRef = 575461A12A19E36A00667BBD /* SnapKit-Dynamic */; };
		575461A52A19E39700667BBD /* Alamofire in Frameworks */ = {isa = PBXBuildFile; productRef = 575461A42A19E39700667BBD /* Alamofire */; };
/* End PBXBuildFile section */

/* Begin PBXContainerItemProxy section */
		575461822A19E29600667BBD /* PBXContainerItemProxy */ = {
			isa = PBXContainerItemProxy;
			containerPortal = 575461632A19E29200667BBD /* Project object */;
			proxyType = 1;
			remoteGlobalIDString = 5754616A2A19E29200667BBD;
			remoteInfo = newsApp;
		};
		5754618C2A19E29600667BBD /* PBXContainerItemProxy */ = {
			isa = PBXContainerItemProxy;
			containerPortal = 575461632A19E29200667BBD /* Project object */;
			proxyType = 1;
			remoteGlobalIDString = 5754616A2A19E29200667BBD;
			remoteInfo = newsApp;
		};
/* End PBXContainerItemProxy section */

/* Begin PBXFileReference section */
		5754616B2A19E29200667BBD /* newsApp.app */ = {isa = PBXFileReference; explicitFileType = wrapper.application; includeInIndex = 0; path = newsApp.app; sourceTree = BUILT_PRODUCTS_DIR; };
		5754616E2A19E29200667BBD /* AppDelegate.swift */ = {isa = PBXFileReference; lastKnownFileType = sourcecode.swift; path = AppDelegate.swift; sourceTree = "<group>"; };
		575461702A19E29200667BBD /* SceneDelegate.swift */ = {isa = PBXFileReference; lastKnownFileType = sourcecode.swift; path = SceneDelegate.swift; sourceTree = "<group>"; };
		575461722A19E29200667BBD /* ViewController.swift */ = {isa = PBXFileReference; lastKnownFileType = sourcecode.swift; path = ViewController.swift; sourceTree = "<group>"; };
		575461772A19E29600667BBD /* Assets.xcassets */ = {isa = PBXFileReference; lastKnownFileType = folder.assetcatalog; path = Assets.xcassets; sourceTree = "<group>"; };
		5754617A2A19E29600667BBD /* Base */ = {isa = PBXFileReference; lastKnownFileType = file.storyboard; name = Base; path = Base.lproj/LaunchScreen.storyboard; sourceTree = "<group>"; };
		5754617C2A19E29600667BBD /* Info.plist */ = {isa = PBXFileReference; lastKnownFileType = text.plist.xml; path = Info.plist; sourceTree = "<group>"; };
		575461812A19E29600667BBD /* newsAppTests.xctest */ = {isa = PBXFileReference; explicitFileType = wrapper.cfbundle; includeInIndex = 0; path = newsAppTests.xctest; sourceTree = BUILT_PRODUCTS_DIR; };
		575461852A19E29600667BBD /* newsAppTests.swift */ = {isa = PBXFileReference; lastKnownFileType = sourcecode.swift; path = newsAppTests.swift; sourceTree = "<group>"; };
		5754618B2A19E29600667BBD /* newsAppUITests.xctest */ = {isa = PBXFileReference; explicitFileType = wrapper.cfbundle; includeInIndex = 0; path = newsAppUITests.xctest; sourceTree = BUILT_PRODUCTS_DIR; };
		5754618F2A19E29600667BBD /* newsAppUITests.swift */ = {isa = PBXFileReference; lastKnownFileType = sourcecode.swift; path = newsAppUITests.swift; sourceTree = "<group>"; };
		575461912A19E29600667BBD /* newsAppUITestsLaunchTests.swift */ = {isa = PBXFileReference; lastKnownFileType = sourcecode.swift; path = newsAppUITestsLaunchTests.swift; sourceTree = "<group>"; };
/* End PBXFileReference section */

/* Begin PBXFrameworksBuildPhase section */
		575461682A19E29200667BBD /* Frameworks */ = {
			isa = PBXFrameworksBuildPhase;
			buildActionMask = 2147483647;
			files = (
				575461A52A19E39700667BBD /* Alamofire in Frameworks */,
				575461A02A19E36A00667BBD /* SnapKit in Frameworks */,
				575461A22A19E36A00667BBD /* SnapKit-Dynamic in Frameworks */,
			);
			runOnlyForDeploymentPostprocessing = 0;
		};
		5754617E2A19E29600667BBD /* Frameworks */ = {
			isa = PBXFrameworksBuildPhase;
			buildActionMask = 2147483647;
			files = (
			);
			runOnlyForDeploymentPostprocessing = 0;
		};
		575461882A19E29600667BBD /* Frameworks */ = {
			isa = PBXFrameworksBuildPhase;
			buildActionMask = 2147483647;
			files = (
			);
			runOnlyForDeploymentPostprocessing = 0;
		};
/* End PBXFrameworksBuildPhase section */

/* Begin PBXGroup section */
		575461622A19E29200667BBD = {
			isa = PBXGroup;
			children = (
				5754616D2A19E29200667BBD /* newsApp */,
				575461842A19E29600667BBD /* newsAppTests */,
				5754618E2A19E29600667BBD /* newsAppUITests */,
				5754616C2A19E29200667BBD /* Products */,
			);
			sourceTree = "<group>";
		};
		5754616C2A19E29200667BBD /* Products */ = {
			isa = PBXGroup;
			children = (
				5754616B2A19E29200667BBD /* newsApp.app */,
				575461812A19E29600667BBD /* newsAppTests.xctest */,
				5754618B2A19E29600667BBD /* newsAppUITests.xctest */,
			);
			name = Products;
			sourceTree = "<group>";
		};
		5754616D2A19E29200667BBD /* newsApp */ = {
			isa = PBXGroup;
			children = (
				5754616E2A19E29200667BBD /* AppDelegate.swift */,
				575461702A19E29200667BBD /* SceneDelegate.swift */,
				575461722A19E29200667BBD /* ViewController.swift */,
				575461772A19E29600667BBD /* Assets.xcassets */,
				575461792A19E29600667BBD /* LaunchScreen.storyboard */,
				5754617C2A19E29600667BBD /* Info.plist */,
			);
			path = newsApp;
			sourceTree = "<group>";
		};
		575461842A19E29600667BBD /* newsAppTests */ = {
			isa = PBXGroup;
			children = (
				575461852A19E29600667BBD /* newsAppTests.swift */,
			);
			path = newsAppTests;
			sourceTree = "<group>";
		};
		5754618E2A19E29600667BBD /* newsAppUITests */ = {
			isa = PBXGroup;
			children = (
				5754618F2A19E29600667BBD /* newsAppUITests.swift */,
				575461912A19E29600667BBD /* newsAppUITestsLaunchTests.swift */,
			);
			path = newsAppUITests;
			sourceTree = "<group>";
		};
/* End PBXGroup section */

/* Begin PBXNativeTarget section */
		5754616A2A19E29200667BBD /* newsApp */ = {
			isa = PBXNativeTarget;
			buildConfigurationList = 575461952A19E29600667BBD /* Build configuration list for PBXNativeTarget "newsApp" */;
			buildPhases = (
				575461672A19E29200667BBD /* Sources */,
				575461682A19E29200667BBD /* Frameworks */,
				575461692A19E29200667BBD /* Resources */,
			);
			buildRules = (
			);
			dependencies = (
			);
			name = newsApp;
			packageProductDependencies = (
				5754619F2A19E36A00667BBD /* SnapKit */,
				575461A12A19E36A00667BBD /* SnapKit-Dynamic */,
				575461A42A19E39700667BBD /* Alamofire */,
			);
			productName = newsApp;
			productReference = 5754616B2A19E29200667BBD /* newsApp.app */;
			productType = "com.apple.product-type.application";
		};
		575461802A19E29600667BBD /* newsAppTests */ = {
			isa = PBXNativeTarget;
			buildConfigurationList = 575461982A19E29600667BBD /* Build configuration list for PBXNativeTarget "newsAppTests" */;
			buildPhases = (
				5754617D2A19E29600667BBD /* Sources */,
				5754617E2A19E29600667BBD /* Frameworks */,
				5754617F2A19E29600667BBD /* Resources */,
			);
			buildRules = (
			);
			dependencies = (
				575461832A19E29600667BBD /* PBXTargetDependency */,
			);
			name = newsAppTests;
			productName = newsAppTests;
			productReference = 575461812A19E29600667BBD /* newsAppTests.xctest */;
			productType = "com.apple.product-type.bundle.unit-test";
		};
		5754618A2A19E29600667BBD /* newsAppUITests */ = {
			isa = PBXNativeTarget;
			buildConfigurationList = 5754619B2A19E29600667BBD /* Build configuration list for PBXNativeTarget "newsAppUITests" */;
			buildPhases = (
				575461872A19E29600667BBD /* Sources */,
				575461882A19E29600667BBD /* Frameworks */,
				575461892A19E29600667BBD /* Resources */,
			);
			buildRules = (
			);
			dependencies = (
				5754618D2A19E29600667BBD /* PBXTargetDependency */,
			);
			name = newsAppUITests;
			productName = newsAppUITests;
			productReference = 5754618B2A19E29600667BBD /* newsAppUITests.xctest */;
			productType = "com.apple.product-type.bundle.ui-testing";
		};
/* End PBXNativeTarget section */

/* Begin PBXProject section */
		575461632A19E29200667BBD /* Project object */ = {
			isa = PBXProject;
			attributes = {
				BuildIndependentTargetsInParallel = 1;
				LastSwiftUpdateCheck = 1340;
				LastUpgradeCheck = 1340;
				TargetAttributes = {
					5754616A2A19E29200667BBD = {
						CreatedOnToolsVersion = 13.4.1;
					};
					575461802A19E29600667BBD = {
						CreatedOnToolsVersion = 13.4.1;
						TestTargetID = 5754616A2A19E29200667BBD;
					};
					5754618A2A19E29600667BBD = {
						CreatedOnToolsVersion = 13.4.1;
						TestTargetID = 5754616A2A19E29200667BBD;
					};
				};
			};
			buildConfigurationList = 575461662A19E29200667BBD /* Build configuration list for PBXProject "newsApp" */;
			compatibilityVersion = "Xcode 13.0";
			developmentRegion = en;
			hasScannedForEncodings = 0;
			knownRegions = (
				en,
				Base,
			);
			mainGroup = 575461622A19E29200667BBD;
			packageReferences = (
				5754619E2A19E36A00667BBD /* XCRemoteSwiftPackageReference "SnapKit" */,
				575461A32A19E39700667BBD /* XCRemoteSwiftPackageReference "Alamofire" */,
			);
			productRefGroup = 5754616C2A19E29200667BBD /* Products */;
			projectDirPath = "";
			projectRoot = "";
			targets = (
				5754616A2A19E29200667BBD /* newsApp */,
				575461802A19E29600667BBD /* newsAppTests */,
				5754618A2A19E29600667BBD /* newsAppUITests */,
			);
		};
/* End PBXProject section */

/* Begin PBXResourcesBuildPhase section */
		575461692A19E29200667BBD /* Resources */ = {
			isa = PBXResourcesBuildPhase;
			buildActionMask = 2147483647;
			files = (
				5754617B2A19E29600667BBD /* LaunchScreen.storyboard in Resources */,
				575461782A19E29600667BBD /* Assets.xcassets in Resources */,
			);
			runOnlyForDeploymentPostprocessing = 0;
		};
		5754617F2A19E29600667BBD /* Resources */ = {
			isa = PBXResourcesBuildPhase;
			buildActionMask = 2147483647;
			files = (
			);
			runOnlyForDeploymentPostprocessing = 0;
		};
		575461892A19E29600667BBD /* Resources */ = {
			isa = PBXResourcesBuildPhase;
			buildActionMask = 2147483647;
			files = (
			);
			runOnlyForDeploymentPostprocessing = 0;
		};
/* End PBXResourcesBuildPhase section */

/* Begin PBXSourcesBuildPhase section */
		575461672A19E29200667BBD /* Sources */ = {
			isa = PBXSourcesBuildPhase;
			buildActionMask = 2147483647;
			files = (
				575461732A19E29200667BBD /* ViewController.swift in Sources */,
				5754616F2A19E29200667BBD /* AppDelegate.swift in Sources */,
				575461712A19E29200667BBD /* SceneDelegate.swift in Sources */,
			);
			runOnlyForDeploymentPostprocessing = 0;
		};
		5754617D2A19E29600667BBD /* Sources */ = {
			isa = PBXSourcesBuildPhase;
			buildActionMask = 2147483647;
			files = (
				575461862A19E29600667BBD /* newsAppTests.swift in Sources */,
			);
			runOnlyForDeploymentPostprocessing = 0;
		};
		575461872A19E29600667BBD /* Sources */ = {
			isa = PBXSourcesBuildPhase;
			buildActionMask = 2147483647;
			files = (
				575461902A19E29600667BBD /* newsAppUITests.swift in Sources */,
				575461922A19E29600667BBD /* newsAppUITestsLaunchTests.swift in Sources */,
			);
			runOnlyForDeploymentPostprocessing = 0;
		};
/* End PBXSourcesBuildPhase section */

/* Begin PBXTargetDependency section */
		575461832A19E29600667BBD /* PBXTargetDependency */ = {
			isa = PBXTargetDependency;
			target = 5754616A2A19E29200667BBD /* newsApp */;
			targetProxy = 575461822A19E29600667BBD /* PBXContainerItemProxy */;
		};
		5754618D2A19E29600667BBD /* PBXTargetDependency */ = {
			isa = PBXTargetDependency;
			target = 5754616A2A19E29200667BBD /* newsApp */;
			targetProxy = 5754618C2A19E29600667BBD /* PBXContainerItemProxy */;
		};
/* End PBXTargetDependency section */

/* Begin PBXVariantGroup section */
		575461792A19E29600667BBD /* LaunchScreen.storyboard */ = {
			isa = PBXVariantGroup;
			children = (
				5754617A2A19E29600667BBD /* Base */,
			);
			name = LaunchScreen.storyboard;
			sourceTree = "<group>";
		};
/* End PBXVariantGroup section */

/* Begin XCBuildConfiguration section */
		575461932A19E29600667BBD /* Debug */ = {
			isa = XCBuildConfiguration;
			buildSettings = {
				ALWAYS_SEARCH_USER_PATHS = NO;
				CLANG_ANALYZER_NONNULL = YES;
				CLANG_ANALYZER_NUMBER_OBJECT_CONVERSION = YES_AGGRESSIVE;
				CLANG_CXX_LANGUAGE_STANDARD = "gnu++17";
				CLANG_ENABLE_MODULES = YES;
				CLANG_ENABLE_OBJC_ARC = YES;
				CLANG_ENABLE_OBJC_WEAK = YES;
				CLANG_WARN_BLOCK_CAPTURE_AUTORELEASING = YES;
				CLANG_WARN_BOOL_CONVERSION = YES;
				CLANG_WARN_COMMA = YES;
				CLANG_WARN_CONSTANT_CONVERSION = YES;
				CLANG_WARN_DEPRECATED_OBJC_IMPLEMENTATIONS = YES;
				CLANG_WARN_DIRECT_OBJC_ISA_USAGE = YES_ERROR;
				CLANG_WARN_DOCUMENTATION_COMMENTS = YES;
				CLANG_WARN_EMPTY_BODY = YES;
				CLANG_WARN_ENUM_CONVERSION = YES;
				CLANG_WARN_INFINITE_RECURSION = YES;
				CLANG_WARN_INT_CONVERSION = YES;
				CLANG_WARN_NON_LITERAL_NULL_CONVERSION = YES;
				CLANG_WARN_OBJC_IMPLICIT_RETAIN_SELF = YES;
				CLANG_WARN_OBJC_LITERAL_CONVERSION = YES;
				CLANG_WARN_OBJC_ROOT_CLASS = YES_ERROR;
				CLANG_WARN_QUOTED_INCLUDE_IN_FRAMEWORK_HEADER = YES;
				CLANG_WARN_RANGE_LOOP_ANALYSIS = YES;
				CLANG_WARN_STRICT_PROTOTYPES = YES;
				CLANG_WARN_SUSPICIOUS_MOVE = YES;
				CLANG_WARN_UNGUARDED_AVAILABILITY = YES_AGGRESSIVE;
				CLANG_WARN_UNREACHABLE_CODE = YES;
				CLANG_WARN__DUPLICATE_METHOD_MATCH = YES;
				COPY_PHASE_STRIP = NO;
				DEBUG_INFORMATION_FORMAT = dwarf;
				ENABLE_STRICT_OBJC_MSGSEND = YES;
				ENABLE_TESTABILITY = YES;
				GCC_C_LANGUAGE_STANDARD = gnu11;
				GCC_DYNAMIC_NO_PIC = NO;
				GCC_NO_COMMON_BLOCKS = YES;
				GCC_OPTIMIZATION_LEVEL = 0;
				GCC_PREPROCESSOR_DEFINITIONS = (
					"DEBUG=1",
					"$(inherited)",
				);
				GCC_WARN_64_TO_32_BIT_CONVERSION = YES;
				GCC_WARN_ABOUT_RETURN_TYPE = YES_ERROR;
				GCC_WARN_UNDECLARED_SELECTOR = YES;
				GCC_WARN_UNINITIALIZED_AUTOS = YES_AGGRESSIVE;
				GCC_WARN_UNUSED_FUNCTION = YES;
				GCC_WARN_UNUSED_VARIABLE = YES;
				IPHONEOS_DEPLOYMENT_TARGET = 15.5;
				MTL_ENABLE_DEBUG_INFO = INCLUDE_SOURCE;
				MTL_FAST_MATH = YES;
				ONLY_ACTIVE_ARCH = YES;
				SDKROOT = iphoneos;
				SWIFT_ACTIVE_COMPILATION_CONDITIONS = DEBUG;
				SWIFT_OPTIMIZATION_LEVEL = "-Onone";
			};
			name = Debug;
		};
		575461942A19E29600667BBD /* Release */ = {
			isa = XCBuildConfiguration;
			buildSettings = {
				ALWAYS_SEARCH_USER_PATHS = NO;
				CLANG_ANALYZER_NONNULL = YES;
				CLANG_ANALYZER_NUMBER_OBJECT_CONVERSION = YES_AGGRESSIVE;
				CLANG_CXX_LANGUAGE_STANDARD = "gnu++17";
				CLANG_ENABLE_MODULES = YES;
				CLANG_ENABLE_OBJC_ARC = YES;
				CLANG_ENABLE_OBJC_WEAK = YES;
				CLANG_WARN_BLOCK_CAPTURE_AUTORELEASING = YES;
				CLANG_WARN_BOOL_CONVERSION = YES;
				CLANG_WARN_COMMA = YES;
				CLANG_WARN_CONSTANT_CONVERSION = YES;
				CLANG_WARN_DEPRECATED_OBJC_IMPLEMENTATIONS = YES;
				CLANG_WARN_DIRECT_OBJC_ISA_USAGE = YES_ERROR;
				CLANG_WARN_DOCUMENTATION_COMMENTS = YES;
				CLANG_WARN_EMPTY_BODY = YES;
				CLANG_WARN_ENUM_CONVERSION = YES;
				CLANG_WARN_INFINITE_RECURSION = YES;
				CLANG_WARN_INT_CONVERSION = YES;
				CLANG_WARN_NON_LITERAL_NULL_CONVERSION = YES;
				CLANG_WARN_OBJC_IMPLICIT_RETAIN_SELF = YES;
				CLANG_WARN_OBJC_LITERAL_CONVERSION = YES;
				CLANG_WARN_OBJC_ROOT_CLASS = YES_ERROR;
				CLANG_WARN_QUOTED_INCLUDE_IN_FRAMEWORK_HEADER = YES;
				CLANG_WARN_RANGE_LOOP_ANALYSIS = YES;
				CLANG_WARN_STRICT_PROTOTYPES = YES;
				CLANG_WARN_SUSPICIOUS_MOVE = YES;
				CLANG_WARN_UNGUARDED_AVAILABILITY = YES_AGGRESSIVE;
				CLANG_WARN_UNREACHABLE_CODE = YES;
				CLANG_WARN__DUPLICATE_METHOD_MATCH = YES;
				COPY_PHASE_STRIP = NO;
				DEBUG_INFORMATION_FORMAT = "dwarf-with-dsym";
				ENABLE_NS_ASSERTIONS = NO;
				ENABLE_STRICT_OBJC_MSGSEND = YES;
				GCC_C_LANGUAGE_STANDARD = gnu11;
				GCC_NO_COMMON_BLOCKS = YES;
				GCC_WARN_64_TO_32_BIT_CONVERSION = YES;
				GCC_WARN_ABOUT_RETURN_TYPE = YES_ERROR;
				GCC_WARN_UNDECLARED_SELECTOR = YES;
				GCC_WARN_UNINITIALIZED_AUTOS = YES_AGGRESSIVE;
				GCC_WARN_UNUSED_FUNCTION = YES;
				GCC_WARN_UNUSED_VARIABLE = YES;
				IPHONEOS_DEPLOYMENT_TARGET = 15.5;
				MTL_ENABLE_DEBUG_INFO = NO;
				MTL_FAST_MATH = YES;
				SDKROOT = iphoneos;
				SWIFT_COMPILATION_MODE = wholemodule;
				SWIFT_OPTIMIZATION_LEVEL = "-O";
				VALIDATE_PRODUCT = YES;
			};
			name = Release;
		};
		575461962A19E29600667BBD /* Debug */ = {
			isa = XCBuildConfiguration;
			buildSettings = {
				ASSETCATALOG_COMPILER_APPICON_NAME = AppIcon;
				ASSETCATALOG_COMPILER_GLOBAL_ACCENT_COLOR_NAME = AccentColor;
				CODE_SIGN_STYLE = Automatic;
				CURRENT_PROJECT_VERSION = 1;
				DEVELOPMENT_TEAM = 7GS69KNAU3;
				GENERATE_INFOPLIST_FILE = YES;
				INFOPLIST_FILE = newsApp/Info.plist;
				INFOPLIST_KEY_UIApplicationSupportsIndirectInputEvents = YES;
				INFOPLIST_KEY_UILaunchStoryboardName = LaunchScreen;
				INFOPLIST_KEY_UIMainStoryboardFile = Main;
				INFOPLIST_KEY_UISupportedInterfaceOrientations = "UIInterfaceOrientationPortrait UIInterfaceOrientationLandscapeLeft UIInterfaceOrientationLandscapeRight";
				INFOPLIST_KEY_UISupportedInterfaceOrientations_iPad = "UIInterfaceOrientationPortrait UIInterfaceOrientationPortraitUpsideDown UIInterfaceOrientationLandscapeLeft UIInterfaceOrientationLandscapeRight";
				INFOPLIST_KEY_UISupportedInterfaceOrientations_iPhone = "UIInterfaceOrientationPortrait UIInterfaceOrientationLandscapeLeft UIInterfaceOrientationLandscapeRight";
				IPHONEOS_DEPLOYMENT_TARGET = 14.1;
				LD_RUNPATH_SEARCH_PATHS = (
					"$(inherited)",
					"@executable_path/Frameworks",
				);
				MARKETING_VERSION = 1.0;
				PRODUCT_BUNDLE_IDENTIFIER = practice.newsApp;
				PRODUCT_NAME = "$(TARGET_NAME)";
				SWIFT_EMIT_LOC_STRINGS = YES;
				SWIFT_VERSION = 5.0;
				TARGETED_DEVICE_FAMILY = "1,2";
			};
			name = Debug;
		};
		575461972A19E29600667BBD /* Release */ = {
			isa = XCBuildConfiguration;
			buildSettings = {
				ASSETCATALOG_COMPILER_APPICON_NAME = AppIcon;
				ASSETCATALOG_COMPILER_GLOBAL_ACCENT_COLOR_NAME = AccentColor;
				CODE_SIGN_STYLE = Automatic;
				CURRENT_PROJECT_VERSION = 1;
				DEVELOPMENT_TEAM = 7GS69KNAU3;
				GENERATE_INFOPLIST_FILE = YES;
				INFOPLIST_FILE = newsApp/Info.plist;
				INFOPLIST_KEY_UIApplicationSupportsIndirectInputEvents = YES;
				INFOPLIST_KEY_UILaunchStoryboardName = LaunchScreen;
				INFOPLIST_KEY_UIMainStoryboardFile = Main;
				INFOPLIST_KEY_UISupportedInterfaceOrientations = "UIInterfaceOrientationPortrait UIInterfaceOrientationLandscapeLeft UIInterfaceOrientationLandscapeRight";
				INFOPLIST_KEY_UISupportedInterfaceOrientations_iPad = "UIInterfaceOrientationPortrait UIInterfaceOrientationPortraitUpsideDown UIInterfaceOrientationLandscapeLeft UIInterfaceOrientationLandscapeRight";
				INFOPLIST_KEY_UISupportedInterfaceOrientations_iPhone = "UIInterfaceOrientationPortrait UIInterfaceOrientationLandscapeLeft UIInterfaceOrientationLandscapeRight";
				IPHONEOS_DEPLOYMENT_TARGET = 14.1;
				LD_RUNPATH_SEARCH_PATHS = (
					"$(inherited)",
					"@executable_path/Frameworks",
				);
				MARKETING_VERSION = 1.0;
				PRODUCT_BUNDLE_IDENTIFIER = practice.newsApp;
				PRODUCT_NAME = "$(TARGET_NAME)";
				SWIFT_EMIT_LOC_STRINGS = YES;
				SWIFT_VERSION = 5.0;
				TARGETED_DEVICE_FAMILY = "1,2";
			};
			name = Release;
		};
		575461992A19E29600667BBD /* Debug */ = {
			isa = XCBuildConfiguration;
			buildSettings = {
				ALWAYS_EMBED_SWIFT_STANDARD_LIBRARIES = YES;
				BUNDLE_LOADER = "$(TEST_HOST)";
				CODE_SIGN_STYLE = Automatic;
				CURRENT_PROJECT_VERSION = 1;
				DEVELOPMENT_TEAM = 7GS69KNAU3;
				GENERATE_INFOPLIST_FILE = YES;
				IPHONEOS_DEPLOYMENT_TARGET = 15.5;
				MARKETING_VERSION = 1.0;
				PRODUCT_BUNDLE_IDENTIFIER = practice.newsAppTests;
				PRODUCT_NAME = "$(TARGET_NAME)";
				SWIFT_EMIT_LOC_STRINGS = NO;
				SWIFT_VERSION = 5.0;
				TARGETED_DEVICE_FAMILY = "1,2";
				TEST_HOST = "$(BUILT_PRODUCTS_DIR)/newsApp.app/newsApp";
			};
			name = Debug;
		};
		5754619A2A19E29600667BBD /* Release */ = {
			isa = XCBuildConfiguration;
			buildSettings = {
				ALWAYS_EMBED_SWIFT_STANDARD_LIBRARIES = YES;
				BUNDLE_LOADER = "$(TEST_HOST)";
				CODE_SIGN_STYLE = Automatic;
				CURRENT_PROJECT_VERSION = 1;
				DEVELOPMENT_TEAM = 7GS69KNAU3;
				GENERATE_INFOPLIST_FILE = YES;
				IPHONEOS_DEPLOYMENT_TARGET = 15.5;
				MARKETING_VERSION = 1.0;
				PRODUCT_BUNDLE_IDENTIFIER = practice.newsAppTests;
				PRODUCT_NAME = "$(TARGET_NAME)";
				SWIFT_EMIT_LOC_STRINGS = NO;
				SWIFT_VERSION = 5.0;
				TARGETED_DEVICE_FAMILY = "1,2";
				TEST_HOST = "$(BUILT_PRODUCTS_DIR)/newsApp.app/newsApp";
			};
			name = Release;
		};
		5754619C2A19E29600667BBD /* Debug */ = {
			isa = XCBuildConfiguration;
			buildSettings = {
				ALWAYS_EMBED_SWIFT_STANDARD_LIBRARIES = YES;
				CODE_SIGN_STYLE = Automatic;
				CURRENT_PROJECT_VERSION = 1;
				DEVELOPMENT_TEAM = 7GS69KNAU3;
				GENERATE_INFOPLIST_FILE = YES;
				MARKETING_VERSION = 1.0;
				PRODUCT_BUNDLE_IDENTIFIER = practice.newsAppUITests;
				PRODUCT_NAME = "$(TARGET_NAME)";
				SWIFT_EMIT_LOC_STRINGS = NO;
				SWIFT_VERSION = 5.0;
				TARGETED_DEVICE_FAMILY = "1,2";
				TEST_TARGET_NAME = newsApp;
			};
			name = Debug;
		};
		5754619D2A19E29600667BBD /* Release */ = {
			isa = XCBuildConfiguration;
			buildSettings = {
				ALWAYS_EMBED_SWIFT_STANDARD_LIBRARIES = YES;
				CODE_SIGN_STYLE = Automatic;
				CURRENT_PROJECT_VERSION = 1;
				DEVELOPMENT_TEAM = 7GS69KNAU3;
				GENERATE_INFOPLIST_FILE = YES;
				MARKETING_VERSION = 1.0;
				PRODUCT_BUNDLE_IDENTIFIER = practice.newsAppUITests;
				PRODUCT_NAME = "$(TARGET_NAME)";
				SWIFT_EMIT_LOC_STRINGS = NO;
				SWIFT_VERSION = 5.0;
				TARGETED_DEVICE_FAMILY = "1,2";
				TEST_TARGET_NAME = newsApp;
			};
			name = Release;
		};
/* End XCBuildConfiguration section */

/* Begin XCConfigurationList section */
		575461662A19E29200667BBD /* Build configuration list for PBXProject "newsApp" */ = {
			isa = XCConfigurationList;
			buildConfigurations = (
				575461932A19E29600667BBD /* Debug */,
				575461942A19E29600667BBD /* Release */,
			);
			defaultConfigurationIsVisible = 0;
			defaultConfigurationName = Release;
		};
		575461952A19E29600667BBD /* Build configuration list for PBXNativeTarget "newsApp" */ = {
			isa = XCConfigurationList;
			buildConfigurations = (
				575461962A19E29600667BBD /* Debug */,
				575461972A19E29600667BBD /* Release */,
			);
			defaultConfigurationIsVisible = 0;
			defaultConfigurationName = Release;
		};
		575461982A19E29600667BBD /* Build configuration list for PBXNativeTarget "newsAppTests" */ = {
			isa = XCConfigurationList;
			buildConfigurations = (
				575461992A19E29600667BBD /* Debug */,
				5754619A2A19E29600667BBD /* Release */,
			);
			defaultConfigurationIsVisible = 0;
			defaultConfigurationName = Release;
		};
		5754619B2A19E29600667BBD /* Build configuration list for PBXNativeTarget "newsAppUITests" */ = {
			isa = XCConfigurationList;
			buildConfigurations = (
				5754619C2A19E29600667BBD /* Debug */,
				5754619D2A19E29600667BBD /* Release */,
			);
			defaultConfigurationIsVisible = 0;
			defaultConfigurationName = Release;
		};
/* End XCConfigurationList section */

/* Begin XCRemoteSwiftPackageReference section */
		5754619E2A19E36A00667BBD /* XCRemoteSwiftPackageReference "SnapKit" */ = {
			isa = XCRemoteSwiftPackageReference;
			repositoryURL = "https://github.com/SnapKit/SnapKit.git";
			requirement = {
				kind = upToNextMajorVersion;
				minimumVersion = 5.0.0;
			};
		};
		575461A32A19E39700667BBD /* XCRemoteSwiftPackageReference "Alamofire" */ = {
			isa = XCRemoteSwiftPackageReference;
			repositoryURL = "https://github.com/Alamofire/Alamofire.git";
			requirement = {
				kind = upToNextMajorVersion;
				minimumVersion = 5.0.0;
			};
		};
/* End XCRemoteSwiftPackageReference section */

/* Begin XCSwiftPackageProductDependency section */
		5754619F2A19E36A00667BBD /* SnapKit */ = {
			isa = XCSwiftPackageProductDependency;
			package = 5754619E2A19E36A00667BBD /* XCRemoteSwiftPackageReference "SnapKit" */;
			productName = SnapKit;
		};
		575461A12A19E36A00667BBD /* SnapKit-Dynamic */ = {
			isa = XCSwiftPackageProductDependency;
			package = 5754619E2A19E36A00667BBD /* XCRemoteSwiftPackageReference "SnapKit" */;
			productName = "SnapKit-Dynamic";
		};
		575461A42A19E39700667BBD /* Alamofire */ = {
			isa = XCSwiftPackageProductDependency;
			package = 575461A32A19E39700667BBD /* XCRemoteSwiftPackageReference "Alamofire" */;
			productName = Alamofire;
		};
/* End XCSwiftPackageProductDependency section */
	};
	rootObject = 575461632A19E29200667BBD /* Project object */;
}
